# This file is automatically @generated by Poetry 1.5.1 and should not be changed by hand.

[[package]]
name = "mlaas-client"
version = "0.0.2"
description = "ML as a service toolkit"
optional = false
python-versions = ">=3.6"
files = [
    {file = "mlaas-client-0.0.2.tar.gz", hash = "sha256:2f07b0d41cccdf1cb1553d8c7ab12225779404949e25af4477320f2259e882e3"},
    {file = "mlaas_client-0.0.2-py3-none-any.whl", hash = "sha256:1cb3c7ac0cbacfd8abd12461e04882f565e640a6361b0164a4e1a144decb6bdb"},
]

[metadata]
lock-version = "2.0"
python-versions = ">=3.10.0,<3.11"
content-hash = "d7d4df26612c680b15c22b40b4b7f3434bcc122c5485cb1c52d6802b8e706014"
